
Microsoft Visual Studio Solution File, Format Version 12.00
# Visual Studio Version 16
VisualStudioVersion = 16.0.31321.278
MinimumVisualStudioVersion = 10.0.40219.1
Project("{888888A0-9F3D-457C-B088-3A5042F75D52}") = "DataAccessPython", "DataAccessPython\DataAccessPython.pyproj", "{7A5C5E46-3A48-4754-B970-4E4E7F74530D}"
EndProject
Global
	GlobalSection(SolutionConfigurationPlatforms) = preSolution
		Debug|Any CPU = Debug|Any CPU
		Release|Any CPU = Release|Any CPU
	EndGlobalSection
	GlobalSection(ProjectConfigurationPlatforms) = postSolution
		{7A5C5E46-3A48-4754-B970-4E4E7F74530D}.Debug|Any CPU.ActiveCfg = Debug|Any CPU
		{7A5C5E46-3A48-4754-B970-4E4E7F74530D}.Release|Any CPU.ActiveCfg = Release|Any CPU
	EndGlobalSection
	GlobalSection(SolutionProperties) = preSolution
		HideSolutionNode = FALSE
	EndGlobalSection
	GlobalSection(ExtensibilityGlobals) = postSolution
		SolutionGuid = {AB73F269-EDFA-41B9-A199-92F9405CB0F7}
	EndGlobalSection
EndGlobal
