
Microsoft Visual Studio Solution File, Format Version 12.00
# Visual Studio Version 16
VisualStudioVersion = 16.0.31025.194
MinimumVisualStudioVersion = 10.0.40219.1
Project("{888888A0-9F3D-457C-B088-3A5042F75D52}") = "PythonCam", "PythonCam\PythonCam.pyproj", "{FD7258CA-7C0A-40F5-8333-7F6C1EAC1496}"
EndProject
Global
	GlobalSection(SolutionConfigurationPlatforms) = preSolution
		Debug|Any CPU = Debug|Any CPU
		Release|Any CPU = Release|Any CPU
	EndGlobalSection
	GlobalSection(ProjectConfigurationPlatforms) = postSolution
		{FD7258CA-7C0A-40F5-8333-7F6C1EAC1496}.Debug|Any CPU.ActiveCfg = Debug|Any CPU
		{FD7258CA-7C0A-40F5-8333-7F6C1EAC1496}.Release|Any CPU.ActiveCfg = Release|Any CPU
	EndGlobalSection
	GlobalSection(SolutionProperties) = preSolution
		HideSolutionNode = FALSE
	EndGlobalSection
	GlobalSection(ExtensibilityGlobals) = postSolution
		SolutionGuid = {1C36CAF1-8105-48A7-AD7B-6E99A615979C}
	EndGlobalSection
EndGlobal
